
Microsoft Visual Studio Solution File, Format Version 12.00
# Visual Studio Version 16
VisualStudioVersion = 16.0.32228.343
MinimumVisualStudioVersion = 10.0.40219.1
Project("{FAE04EC0-301F-11D3-BF4B-00C04F79EFBC}") = "Logis", "Logis\Logis.csproj", "{75ACB269-30AE-4BE5-ABE9-5F99D520ECD9}"
EndProject
Global
	GlobalSection(SolutionConfigurationPlatforms) = preSolution
		Debug|Any CPU = Debug|Any CPU
		Release|Any CPU = Release|Any CPU
	EndGlobalSection
	GlobalSection(ProjectConfigurationPlatforms) = postSolution
		{75ACB269-30AE-4BE5-ABE9-5F99D520ECD9}.Debug|Any CPU.ActiveCfg = Debug|Any CPU
		{75ACB269-30AE-4BE5-ABE9-5F99D520ECD9}.Debug|Any CPU.Build.0 = Debug|Any CPU
		{75ACB269-30AE-4BE5-ABE9-5F99D520ECD9}.Release|Any CPU.ActiveCfg = Release|Any CPU
		{75ACB269-30AE-4BE5-ABE9-5F99D520ECD9}.Release|Any CPU.Build.0 = Release|Any CPU
	EndGlobalSection
	GlobalSection(SolutionProperties) = preSolution
		HideSolutionNode = FALSE
	EndGlobalSection
	GlobalSection(ExtensibilityGlobals) = postSolution
		SolutionGuid = {76967600-ECC5-4A6A-A0A5-B27C136AEFFC}
	EndGlobalSection
EndGlobal
